
Microsoft Visual Studio Solution File, Format Version 12.00
# Visual Studio 15
VisualStudioVersion = 15.0.28307.106
MinimumVisualStudioVersion = 10.0.40219.1
Project("{8BC9CEB8-8B4A-11D0-8D11-00A0C91BC942}") = "exercicio 1)", "exercicio 1)\exercicio 1).vcxproj", "{97CBFF70-F6EE-43E1-A1D2-C2E3CD796FB5}"
EndProject
Global
	GlobalSection(SolutionConfigurationPlatforms) = preSolution
		Debug|x64 = Debug|x64
		Debug|x86 = Debug|x86
		Release|x64 = Release|x64
		Release|x86 = Release|x86
	EndGlobalSection
	GlobalSection(ProjectConfigurationPlatforms) = postSolution
		{97CBFF70-F6EE-43E1-A1D2-C2E3CD796FB5}.Debug|x64.ActiveCfg = Debug|x64
		{97CBFF70-F6EE-43E1-A1D2-C2E3CD796FB5}.Debug|x64.Build.0 = Debug|x64
		{97CBFF70-F6EE-43E1-A1D2-C2E3CD796FB5}.Debug|x86.ActiveCfg = Debug|Win32
		{97CBFF70-F6EE-43E1-A1D2-C2E3CD796FB5}.Debug|x86.Build.0 = Debug|Win32
		{97CBFF70-F6EE-43E1-A1D2-C2E3CD796FB5}.Release|x64.ActiveCfg = Release|x64
		{97CBFF70-F6EE-43E1-A1D2-C2E3CD796FB5}.Release|x64.Build.0 = Release|x64
		{97CBFF70-F6EE-43E1-A1D2-C2E3CD796FB5}.Release|x86.ActiveCfg = Release|Win32
		{97CBFF70-F6EE-43E1-A1D2-C2E3CD796FB5}.Release|x86.Build.0 = Release|Win32
	EndGlobalSection
	GlobalSection(SolutionProperties) = preSolution
		HideSolutionNode = FALSE
	EndGlobalSection
	GlobalSection(ExtensibilityGlobals) = postSolution
		SolutionGuid = {74A4BBD4-642D-4365-B495-04ABE31F950C}
	EndGlobalSection
EndGlobal
